
Microsoft Visual Studio Solution File, Format Version 12.00
# Visual Studio Version 17
VisualStudioVersion = 17.14.37203.1
MinimumVisualStudioVersion = 10.0.40219.1
Project("{FAE04EC0-301F-11D3-BF4B-00C04F79EFBC}") = "Inventory.Api", "Api\Inventory.Api.csproj", "{CF46B68C-BAB9-4DFC-9077-D9254488525B}"
EndProject
Project("{FAE04EC0-301F-11D3-BF4B-00C04F79EFBC}") = "Inventory.Application", "Inventory.Aplication\Inventory.Application.csproj", "{B7C2B49F-F177-40C0-BFAF-F60EC0656DCA}"
EndProject
Project("{FAE04EC0-301F-11D3-BF4B-00C04F79EFBC}") = "Inventory.Domain", "Inventory.Domain\Inventory.Domain.csproj", "{70CE0950-76A3-4FE4-80E3-B56B1345481A}"
EndProject
Project("{FAE04EC0-301F-11D3-BF4B-00C04F79EFBC}") = "Inventory.Infrastructure", "Inventory.Infrastructure\Inventory.Infrastructure.csproj", "{CFFEC17E-7E45-4680-976D-EB2F34E13FB1}"
EndProject
Project("{FAE04EC0-301F-11D3-BF4B-00C04F79EFBC}") = "Inventory.UnitTests", "Inventory.UnitTests\Inventory.UnitTests.csproj", "{E984AA12-BA49-45D7-92A1-7207D3A13DE5}"
EndProject
Project("{2150E333-8FDC-42A3-9474-1A3956D46DE8}") = "Elementos de la solución", "Elementos de la solución", "{D107F4C8-89CC-BEA8-D3D7-CA6B7733353D}"
	ProjectSection(SolutionItems) = preProject
		.env = .env
		.env.example = .env.example
		docker-compose.yml = docker-compose.yml
	EndProjectSection
EndProject
Project("{FAE04EC0-301F-11D3-BF4B-00C04F79EFBC}") = "Inventory.IntegrationTests", "Inventory.IntegrationTests\Inventory.IntegrationTests.csproj", "{D4107A39-7250-4209-B276-B3C45CE77DC0}"
EndProject
Global
	GlobalSection(SolutionConfigurationPlatforms) = preSolution
		Debug|Any CPU = Debug|Any CPU
		Release|Any CPU = Release|Any CPU
	EndGlobalSection
	GlobalSection(ProjectConfigurationPlatforms) = postSolution
		{CF46B68C-BAB9-4DFC-9077-D9254488525B}.Debug|Any CPU.ActiveCfg = Debug|Any CPU
		{CF46B68C-BAB9-4DFC-9077-D9254488525B}.Debug|Any CPU.Build.0 = Debug|Any CPU
		{CF46B68C-BAB9-4DFC-9077-D9254488525B}.Release|Any CPU.ActiveCfg = Release|Any CPU
		{CF46B68C-BAB9-4DFC-9077-D9254488525B}.Release|Any CPU.Build.0 = Release|Any CPU
		{B7C2B49F-F177-40C0-BFAF-F60EC0656DCA}.Debug|Any CPU.ActiveCfg = Debug|Any CPU
		{B7C2B49F-F177-40C0-BFAF-F60EC0656DCA}.Debug|Any CPU.Build.0 = Debug|Any CPU
		{B7C2B49F-F177-40C0-BFAF-F60EC0656DCA}.Release|Any CPU.ActiveCfg = Release|Any CPU
		{B7C2B49F-F177-40C0-BFAF-F60EC0656DCA}.Release|Any CPU.Build.0 = Release|Any CPU
		{70CE0950-76A3-4FE4-80E3-B56B1345481A}.Debug|Any CPU.ActiveCfg = Debug|Any CPU
		{70CE0950-76A3-4FE4-80E3-B56B1345481A}.Debug|Any CPU.Build.0 = Debug|Any CPU
		{70CE0950-76A3-4FE4-80E3-B56B1345481A}.Release|Any CPU.ActiveCfg = Release|Any CPU
		{70CE0950-76A3-4FE4-80E3-B56B1345481A}.Release|Any CPU.Build.0 = Release|Any CPU
		{CFFEC17E-7E45-4680-976D-EB2F34E13FB1}.Debug|Any CPU.ActiveCfg = Debug|Any CPU
		{CFFEC17E-7E45-4680-976D-EB2F34E13FB1}.Debug|Any CPU.Build.0 = Debug|Any CPU
		{CFFEC17E-7E45-4680-976D-EB2F34E13FB1}.Release|Any CPU.ActiveCfg = Release|Any CPU
		{CFFEC17E-7E45-4680-976D-EB2F34E13FB1}.Release|Any CPU.Build.0 = Release|Any CPU
		{E984AA12-BA49-45D7-92A1-7207D3A13DE5}.Debug|Any CPU.ActiveCfg = Debug|Any CPU
		{E984AA12-BA49-45D7-92A1-7207D3A13DE5}.Debug|Any CPU.Build.0 = Debug|Any CPU
		{E984AA12-BA49-45D7-92A1-7207D3A13DE5}.Release|Any CPU.ActiveCfg = Release|Any CPU
		{E984AA12-BA49-45D7-92A1-7207D3A13DE5}.Release|Any CPU.Build.0 = Release|Any CPU
		{D4107A39-7250-4209-B276-B3C45CE77DC0}.Debug|Any CPU.ActiveCfg = Debug|Any CPU
		{D4107A39-7250-4209-B276-B3C45CE77DC0}.Debug|Any CPU.Build.0 = Debug|Any CPU
		{D4107A39-7250-4209-B276-B3C45CE77DC0}.Release|Any CPU.ActiveCfg = Release|Any CPU
		{D4107A39-7250-4209-B276-B3C45CE77DC0}.Release|Any CPU.Build.0 = Release|Any CPU
	EndGlobalSection
	GlobalSection(SolutionProperties) = preSolution
		HideSolutionNode = FALSE
	EndGlobalSection
	GlobalSection(ExtensibilityGlobals) = postSolution
		SolutionGuid = {2349974A-A1C9-462D-8C6F-50041222427D}
	EndGlobalSection
EndGlobal
